// !$*UTF8*$!
{
	archiveVersion = 1;
	classes = {
	};
	objectVersion = 46;
	objects = {

/* Begin PBXBuildFile section */
		92D514221CF7B7500032402E /* main.m in Sources */ = {isa = PBXBuildFile; fileRef = 92D514211CF7B7500032402E /* main.m */; };
		92D514251CF7B7500032402E /* AppDelegate.m in Sources */ = {isa = PBXBuildFile; fileRef = 92D514241CF7B7500032402E /* AppDelegate.m */; };
		92D514281CF7B7500032402E /* ViewController.m in Sources */ = {isa = PBXBuildFile; fileRef = 92D514271CF7B7500032402E /* ViewController.m */; };
		92D5142B1CF7B7500032402E /* Main.storyboard in Resources */ = {isa = PBXBuildFile; fileRef = 92D514291CF7B7500032402E /* Main.storyboard */; };
		92D5142E1CF7B7500032402E /* GitStudy.xcdatamodeld in Sources */ = {isa = PBXBuildFile; fileRef = 92D5142C1CF7B7500032402E /* GitStudy.xcdatamodeld */; };
		92D514301CF7B7500032402E /* Assets.xcassets in Resources */ = {isa = PBXBuildFile; fileRef = 92D5142F1CF7B7500032402E /* Assets.xcassets */; };
		92D514331CF7B7500032402E /* LaunchScreen.storyboard in Resources */ = {isa = PBXBuildFile; fileRef = 92D514311CF7B7500032402E /* LaunchScreen.storyboard */; };
		92D5143E1CF7B7500032402E /* GitStudyTests.m in Sources */ = {isa = PBXBuildFile; fileRef = 92D5143D1CF7B7500032402E /* GitStudyTests.m */; };
		92D514491CF7B7500032402E /* GitStudyUITests.m in Sources */ = {isa = PBXBuildFile; fileRef = 92D514481CF7B7500032402E /* GitStudyUITests.m */; };
/* End PBXBuildFile section */

/* Begin PBXContainerItemProxy section */
		92D5143A1CF7B7500032402E /* PBXContainerItemProxy */ = {
			isa = PBXContainerItemProxy;
			containerPortal = 92D514151CF7B7500032402E /* Project object */;
			proxyType = 1;
			remoteGlobalIDString = 92D5141C1CF7B7500032402E;
			remoteInfo = GitStudy;
		};
		92D514451CF7B7500032402E /* PBXContainerItemProxy */ = {
			isa = PBXContainerItemProxy;
			containerPortal = 92D514151CF7B7500032402E /* Project object */;
			proxyType = 1;
			remoteGlobalIDString = 92D5141C1CF7B7500032402E;
			remoteInfo = GitStudy;
		};
/* End PBXContainerItemProxy section */

/* Begin PBXFileReference section */
		92D5141D1CF7B7500032402E /* GitStudy.app */ = {isa = PBXFileReference; explicitFileType = wrapper.application; includeInIndex = 0; path = GitStudy.app; sourceTree = BUILT_PRODUCTS_DIR; };
		92D514211CF7B7500032402E /* main.m */ = {isa = PBXFileReference; lastKnownFileType = sourcecode.c.objc; path = main.m; sourceTree = "<group>"; };
		92D514231CF7B7500032402E /* AppDelegate.h */ = {isa = PBXFileReference; lastKnownFileType = sourcecode.c.h; path = AppDelegate.h; sourceTree = "<group>"; };
		92D514241CF7B7500032402E /* AppDelegate.m */ = {isa = PBXFileReference; lastKnownFileType = sourcecode.c.objc; path = AppDelegate.m; sourceTree = "<group>"; };
		92D514261CF7B7500032402E /* ViewController.h */ = {isa = PBXFileReference; lastKnownFileType = sourcecode.c.h; path = ViewController.h; sourceTree = "<group>"; };
		92D514271CF7B7500032402E /* ViewController.m */ = {isa = PBXFileReference; lastKnownFileType = sourcecode.c.objc; path = ViewController.m; sourceTree = "<group>"; };
		92D5142A1CF7B7500032402E /* Base */ = {isa = PBXFileReference; lastKnownFileType = file.storyboard; name = Base; path = Base.lproj/Main.storyboard; sourceTree = "<group>"; };
		92D5142D1CF7B7500032402E /* GitStudy.xcdatamodel */ = {isa = PBXFileReference; lastKnownFileType = wrapper.xcdatamodel; path = GitStudy.xcdatamodel; sourceTree = "<group>"; };
		92D5142F1CF7B7500032402E /* Assets.xcassets */ = {isa = PBXFileReference; lastKnownFileType = folder.assetcatalog; path = Assets.xcassets; sourceTree = "<group>"; };
		92D514321CF7B7500032402E /* Base */ = {isa = PBXFileReference; lastKnownFileType = file.storyboard; name = Base; path = Base.lproj/LaunchScreen.storyboard; sourceTree = "<group>"; };
		92D514341CF7B7500032402E /* Info.plist */ = {isa = PBXFileReference; lastKnownFileType = text.plist.xml; path = Info.plist; sourceTree = "<group>"; };
		92D514391CF7B7500032402E /* GitStudyTests.xctest */ = {isa = PBXFileReference; explicitFileType = wrapper.cfbundle; includeInIndex = 0; path = GitStudyTests.xctest; sourceTree = BUILT_PRODUCTS_DIR; };
		92D5143D1CF7B7500032402E /* GitStudyTests.m */ = {isa = PBXFileReference; lastKnownFileType = sourcecode.c.objc; path = GitStudyTests.m; sourceTree = "<group>"; };
		92D5143F1CF7B7500032402E /* Info.plist */ = {isa = PBXFileReference; lastKnownFileType = text.plist.xml; path = Info.plist; sourceTree = "<group>"; };
		92D514441CF7B7500032402E /* GitStudyUITests.xctest */ = {isa = PBXFileReference; explicitFileType = wrapper.cfbundle; includeInIndex = 0; path = GitStudyUITests.xctest; sourceTree = BUILT_PRODUCTS_DIR; };
		92D514481CF7B7500032402E /* GitStudyUITests.m */ = {isa = PBXFileReference; lastKnownFileType = sourcecode.c.objc; path = GitStudyUITests.m; sourceTree = "<group>"; };
		92D5144A1CF7B7500032402E /* Info.plist */ = {isa = PBXFileReference; lastKnownFileType = text.plist.xml; path = Info.plist; sourceTree = "<group>"; };
/* End PBXFileReference section */

/* Begin PBXFrameworksBuildPhase section */
		92D5141A1CF7B7500032402E /* Frameworks */ = {
			isa = PBXFrameworksBuildPhase;
			buildActionMask = 2147483647;
			files = (
			);
			runOnlyForDeploymentPostprocessing = 0;
		};
		92D514361CF7B7500032402E /* Frameworks */ = {
			isa = PBXFrameworksBuildPhase;
			buildActionMask = 2147483647;
			files = (
			);
			runOnlyForDeploymentPostprocessing = 0;
		};
		92D514411CF7B7500032402E /* Frameworks */ = {
			isa = PBXFrameworksBuildPhase;
			buildActionMask = 2147483647;
			files = (
			);
			runOnlyForDeploymentPostprocessing = 0;
		};
/* End PBXFrameworksBuildPhase section */

/* Begin PBXGroup section */
		92D514141CF7B7500032402E = {
			isa = PBXGroup;
			children = (
				92D5141F1CF7B7500032402E /* GitStudy */,
				92D5143C1CF7B7500032402E /* GitStudyTests */,
				92D514471CF7B7500032402E /* GitStudyUITests */,
				92D5141E1CF7B7500032402E /* Products */,
			);
			sourceTree = "<group>";
		};
		92D5141E1CF7B7500032402E /* Products */ = {
			isa = PBXGroup;
			children = (
				92D5141D1CF7B7500032402E /* GitStudy.app */,
				92D514391CF7B7500032402E /* GitStudyTests.xctest */,
				92D514441CF7B7500032402E /* GitStudyUITests.xctest */,
			);
			name = Products;
			sourceTree = "<group>";
		};
		92D5141F1CF7B7500032402E /* GitStudy */ = {
			isa = PBXGroup;
			children = (
				92D514231CF7B7500032402E /* AppDelegate.h */,
				92D514241CF7B7500032402E /* AppDelegate.m */,
				92D514261CF7B7500032402E /* ViewController.h */,
				92D514271CF7B7500032402E /* ViewController.m */,
				92D514291CF7B7500032402E /* Main.storyboard */,
				92D5142F1CF7B7500032402E /* Assets.xcassets */,
				92D514311CF7B7500032402E /* LaunchScreen.storyboard */,
				92D514341CF7B7500032402E /* Info.plist */,
				92D5142C1CF7B7500032402E /* GitStudy.xcdatamodeld */,
				92D514201CF7B7500032402E /* Supporting Files */,
			);
			path = GitStudy;
			sourceTree = "<group>";
		};
		92D514201CF7B7500032402E /* Supporting Files */ = {
			isa = PBXGroup;
			children = (
				92D514211CF7B7500032402E /* main.m */,
			);
			name = "Supporting Files";
			sourceTree = "<group>";
		};
		92D5143C1CF7B7500032402E /* GitStudyTests */ = {
			isa = PBXGroup;
			children = (
				92D5143D1CF7B7500032402E /* GitStudyTests.m */,
				92D5143F1CF7B7500032402E /* Info.plist */,
			);
			path = GitStudyTests;
			sourceTree = "<group>";
		};
		92D514471CF7B7500032402E /* GitStudyUITests */ = {
			isa = PBXGroup;
			children = (
				92D514481CF7B7500032402E /* GitStudyUITests.m */,
				92D5144A1CF7B7500032402E /* Info.plist */,
			);
			path = GitStudyUITests;
			sourceTree = "<group>";
		};
/* End PBXGroup section */

/* Begin PBXNativeTarget section */
		92D5141C1CF7B7500032402E /* GitStudy */ = {
			isa = PBXNativeTarget;
			buildConfigurationList = 92D5144D1CF7B7500032402E /* Build configuration list for PBXNativeTarget "GitStudy" */;
			buildPhases = (
				92D514191CF7B7500032402E /* Sources */,
				92D5141A1CF7B7500032402E /* Frameworks */,
				92D5141B1CF7B7500032402E /* Resources */,
			);
			buildRules = (
			);
			dependencies = (
			);
			name = GitStudy;
			productName = GitStudy;
			productReference = 92D5141D1CF7B7500032402E /* GitStudy.app */;
			productType = "com.apple.product-type.application";
		};
		92D514381CF7B7500032402E /* GitStudyTests */ = {
			isa = PBXNativeTarget;
			buildConfigurationList = 92D514501CF7B7500032402E /* Build configuration list for PBXNativeTarget "GitStudyTests" */;
			buildPhases = (
				92D514351CF7B7500032402E /* Sources */,
				92D514361CF7B7500032402E /* Frameworks */,
				92D514371CF7B7500032402E /* Resources */,
			);
			buildRules = (
			);
			dependencies = (
				92D5143B1CF7B7500032402E /* PBXTargetDependency */,
			);
			name = GitStudyTests;
			productName = GitStudyTests;
			productReference = 92D514391CF7B7500032402E /* GitStudyTests.xctest */;
			productType = "com.apple.product-type.bundle.unit-test";
		};
		92D514431CF7B7500032402E /* GitStudyUITests */ = {
			isa = PBXNativeTarget;
			buildConfigurationList = 92D514531CF7B7500032402E /* Build configuration list for PBXNativeTarget "GitStudyUITests" */;
			buildPhases = (
				92D514401CF7B7500032402E /* Sources */,
				92D514411CF7B7500032402E /* Frameworks */,
				92D514421CF7B7500032402E /* Resources */,
			);
			buildRules = (
			);
			dependencies = (
				92D514461CF7B7500032402E /* PBXTargetDependency */,
			);
			name = GitStudyUITests;
			productName = GitStudyUITests;
			productReference = 92D514441CF7B7500032402E /* GitStudyUITests.xctest */;
			productType = "com.apple.product-type.bundle.ui-testing";
		};
/* End PBXNativeTarget section */

/* Begin PBXProject section */
		92D514151CF7B7500032402E /* Project object */ = {
			isa = PBXProject;
			attributes = {
				LastUpgradeCheck = 0720;
				ORGANIZATIONNAME = "Jack Phan";
				TargetAttributes = {
					92D5141C1CF7B7500032402E = {
						CreatedOnToolsVersion = 7.2.1;
					};
					92D514381CF7B7500032402E = {
						CreatedOnToolsVersion = 7.2.1;
						TestTargetID = 92D5141C1CF7B7500032402E;
					};
					92D514431CF7B7500032402E = {
						CreatedOnToolsVersion = 7.2.1;
						TestTargetID = 92D5141C1CF7B7500032402E;
					};
				};
			};
			buildConfigurationList = 92D514181CF7B7500032402E /* Build configuration list for PBXProject "GitStudy" */;
			compatibilityVersion = "Xcode 3.2";
			developmentRegion = English;
			hasScannedForEncodings = 0;
			knownRegions = (
				en,
				Base,
			);
			mainGroup = 92D514141CF7B7500032402E;
			productRefGroup = 92D5141E1CF7B7500032402E /* Products */;
			projectDirPath = "";
			projectRoot = "";
			targets = (
				92D5141C1CF7B7500032402E /* GitStudy */,
				92D514381CF7B7500032402E /* GitStudyTests */,
				92D514431CF7B7500032402E /* GitStudyUITests */,
			);
		};
/* End PBXProject section */

/* Begin PBXResourcesBuildPhase section */
		92D5141B1CF7B7500032402E /* Resources */ = {
			isa = PBXResourcesBuildPhase;
			buildActionMask = 2147483647;
			files = (
				92D514331CF7B7500032402E /* LaunchScreen.storyboard in Resources */,
				92D514301CF7B7500032402E /* Assets.xcassets in Resources */,
				92D5142B1CF7B7500032402E /* Main.storyboard in Resources */,
			);
			runOnlyForDeploymentPostprocessing = 0;
		};
		92D514371CF7B7500032402E /* Resources */ = {
			isa = PBXResourcesBuildPhase;
			buildActionMask = 2147483647;
			files = (
			);
			runOnlyForDeploymentPostprocessing = 0;
		};
		92D514421CF7B7500032402E /* Resources */ = {
			isa = PBXResourcesBuildPhase;
			buildActionMask = 2147483647;
			files = (
			);
			runOnlyForDeploymentPostprocessing = 0;
		};
/* End PBXResourcesBuildPhase section */

/* Begin PBXSourcesBuildPhase section */
		92D514191CF7B7500032402E /* Sources */ = {
			isa = PBXSourcesBuildPhase;
			buildActionMask = 2147483647;
			files = (
				92D514281CF7B7500032402E /* ViewController.m in Sources */,
				92D514251CF7B7500032402E /* AppDelegate.m in Sources */,
				92D5142E1CF7B7500032402E /* GitStudy.xcdatamodeld in Sources */,
				92D514221CF7B7500032402E /* main.m in Sources */,
			);
			runOnlyForDeploymentPostprocessing = 0;
		};
		92D514351CF7B7500032402E /* Sources */ = {
			isa = PBXSourcesBuildPhase;
			buildActionMask = 2147483647;
			files = (
				92D5143E1CF7B7500032402E /* GitStudyTests.m in Sources */,
			);
			runOnlyForDeploymentPostprocessing = 0;
		};
		92D514401CF7B7500032402E /* Sources */ = {
			isa = PBXSourcesBuildPhase;
			buildActionMask = 2147483647;
			files = (
				92D514491CF7B7500032402E /* GitStudyUITests.m in Sources */,
			);
			runOnlyForDeploymentPostprocessing = 0;
		};
/* End PBXSourcesBuildPhase section */

/* Begin PBXTargetDependency section */
		92D5143B1CF7B7500032402E /* PBXTargetDependency */ = {
			isa = PBXTargetDependency;
			target = 92D5141C1CF7B7500032402E /* GitStudy */;
			targetProxy = 92D5143A1CF7B7500032402E /* PBXContainerItemProxy */;
		};
		92D514461CF7B7500032402E /* PBXTargetDependency */ = {
			isa = PBXTargetDependency;
			target = 92D5141C1CF7B7500032402E /* GitStudy */;
			targetProxy = 92D514451CF7B7500032402E /* PBXContainerItemProxy */;
		};
/* End PBXTargetDependency section */

/* Begin PBXVariantGroup section */
		92D514291CF7B7500032402E /* Main.storyboard */ = {
			isa = PBXVariantGroup;
			children = (
				92D5142A1CF7B7500032402E /* Base */,
			);
			name = Main.storyboard;
			sourceTree = "<group>";
		};
		92D514311CF7B7500032402E /* LaunchScreen.storyboard */ = {
			isa = PBXVariantGroup;
			children = (
				92D514321CF7B7500032402E /* Base */,
			);
			name = LaunchScreen.storyboard;
			sourceTree = "<group>";
		};
/* End PBXVariantGroup section */

/* Begin XCBuildConfiguration section */
		92D5144B1CF7B7500032402E /* Debug */ = {
			isa = XCBuildConfiguration;
			buildSettings = {
				ALWAYS_SEARCH_USER_PATHS = NO;
				CLANG_CXX_LANGUAGE_STANDARD = "gnu++0x";
				CLANG_CXX_LIBRARY = "libc++";
				CLANG_ENABLE_MODULES = YES;
				CLANG_ENABLE_OBJC_ARC = YES;
				CLANG_WARN_BOOL_CONVERSION = YES;
				CLANG_WARN_CONSTANT_CONVERSION = YES;
				CLANG_WARN_DIRECT_OBJC_ISA_USAGE = YES_ERROR;
				CLANG_WARN_EMPTY_BODY = YES;
				CLANG_WARN_ENUM_CONVERSION = YES;
				CLANG_WARN_INT_CONVERSION = YES;
				CLANG_WARN_OBJC_ROOT_CLASS = YES_ERROR;
				CLANG_WARN_UNREACHABLE_CODE = YES;
				CLANG_WARN__DUPLICATE_METHOD_MATCH = YES;
				"CODE_SIGN_IDENTITY[sdk=iphoneos*]" = "iPhone Developer";
				COPY_PHASE_STRIP = NO;
				DEBUG_INFORMATION_FORMAT = dwarf;
				ENABLE_STRICT_OBJC_MSGSEND = YES;
				ENABLE_TESTABILITY = YES;
				GCC_C_LANGUAGE_STANDARD = gnu99;
				GCC_DYNAMIC_NO_PIC = NO;
				GCC_NO_COMMON_BLOCKS = YES;
				GCC_OPTIMIZATION_LEVEL = 0;
				GCC_PREPROCESSOR_DEFINITIONS = (
					"DEBUG=1",
					"$(inherited)",
				);
				GCC_WARN_64_TO_32_BIT_CONVERSION = YES;
				GCC_WARN_ABOUT_RETURN_TYPE = YES_ERROR;
				GCC_WARN_UNDECLARED_SELECTOR = YES;
				GCC_WARN_UNINITIALIZED_AUTOS = YES_AGGRESSIVE;
				GCC_WARN_UNUSED_FUNCTION = YES;
				GCC_WARN_UNUSED_VARIABLE = YES;
				IPHONEOS_DEPLOYMENT_TARGET = 9.2;
				MTL_ENABLE_DEBUG_INFO = YES;
				ONLY_ACTIVE_ARCH = YES;
				SDKROOT = iphoneos;
				TARGETED_DEVICE_FAMILY = "1,2";
			};
			name = Debug;
		};
		92D5144C1CF7B7500032402E /* Release */ = {
			isa = XCBuildConfiguration;
			buildSettings = {
				ALWAYS_SEARCH_USER_PATHS = NO;
				CLANG_CXX_LANGUAGE_STANDARD = "gnu++0x";
				CLANG_CXX_LIBRARY = "libc++";
				CLANG_ENABLE_MODULES = YES;
				CLANG_ENABLE_OBJC_ARC = YES;
				CLANG_WARN_BOOL_CONVERSION = YES;
				CLANG_WARN_CONSTANT_CONVERSION = YES;
				CLANG_WARN_DIRECT_OBJC_ISA_USAGE = YES_ERROR;
				CLANG_WARN_EMPTY_BODY = YES;
				CLANG_WARN_ENUM_CONVERSION = YES;
				CLANG_WARN_INT_CONVERSION = YES;
				CLANG_WARN_OBJC_ROOT_CLASS = YES_ERROR;
				CLANG_WARN_UNREACHABLE_CODE = YES;
				CLANG_WARN__DUPLICATE_METHOD_MATCH = YES;
				"CODE_SIGN_IDENTITY[sdk=iphoneos*]" = "iPhone Developer";
				COPY_PHASE_STRIP = NO;
				DEBUG_INFORMATION_FORMAT = "dwarf-with-dsym";
				ENABLE_NS_ASSERTIONS = NO;
				ENABLE_STRICT_OBJC_MSGSEND = YES;
				GCC_C_LANGUAGE_STANDARD = gnu99;
				GCC_NO_COMMON_BLOCKS = YES;
				GCC_WARN_64_TO_32_BIT_CONVERSION = YES;
				GCC_WARN_ABOUT_RETURN_TYPE = YES_ERROR;
				GCC_WARN_UNDECLARED_SELECTOR = YES;
				GCC_WARN_UNINITIALIZED_AUTOS = YES_AGGRESSIVE;
				GCC_WARN_UNUSED_FUNCTION = YES;
				GCC_WARN_UNUSED_VARIABLE = YES;
				IPHONEOS_DEPLOYMENT_TARGET = 9.2;
				MTL_ENABLE_DEBUG_INFO = NO;
				SDKROOT = iphoneos;
				TARGETED_DEVICE_FAMILY = "1,2";
				VALIDATE_PRODUCT = YES;
			};
			name = Release;
		};
		92D5144E1CF7B7500032402E /* Debug */ = {
			isa = XCBuildConfiguration;
			buildSettings = {
				ASSETCATALOG_COMPILER_APPICON_NAME = AppIcon;
				INFOPLIST_FILE = GitStudy/Info.plist;
				LD_RUNPATH_SEARCH_PATHS = "$(inherited) @executable_path/Frameworks";
				PRODUCT_BUNDLE_IDENTIFIER = com.LePhan.GitStudy;
				PRODUCT_NAME = "$(TARGET_NAME)";
			};
			name = Debug;
		};
		92D5144F1CF7B7500032402E /* Release */ = {
			isa = XCBuildConfiguration;
			buildSettings = {
				ASSETCATALOG_COMPILER_APPICON_NAME = AppIcon;
				INFOPLIST_FILE = GitStudy/Info.plist;
				LD_RUNPATH_SEARCH_PATHS = "$(inherited) @executable_path/Frameworks";
				PRODUCT_BUNDLE_IDENTIFIER = com.LePhan.GitStudy;
				PRODUCT_NAME = "$(TARGET_NAME)";
			};
			name = Release;
		};
		92D514511CF7B7500032402E /* Debug */ = {
			isa = XCBuildConfiguration;
			buildSettings = {
				BUNDLE_LOADER = "$(TEST_HOST)";
				INFOPLIST_FILE = GitStudyTests/Info.plist;
				LD_RUNPATH_SEARCH_PATHS = "$(inherited) @executable_path/Frameworks @loader_path/Frameworks";
				PRODUCT_BUNDLE_IDENTIFIER = com.LePhan.GitStudyTests;
				PRODUCT_NAME = "$(TARGET_NAME)";
				TEST_HOST = "$(BUILT_PRODUCTS_DIR)/GitStudy.app/GitStudy";
			};
			name = Debug;
		};
		92D514521CF7B7500032402E /* Release */ = {
			isa = XCBuildConfiguration;
			buildSettings = {
				BUNDLE_LOADER = "$(TEST_HOST)";
				INFOPLIST_FILE = GitStudyTests/Info.plist;
				LD_RUNPATH_SEARCH_PATHS = "$(inherited) @executable_path/Frameworks @loader_path/Frameworks";
				PRODUCT_BUNDLE_IDENTIFIER = com.LePhan.GitStudyTests;
				PRODUCT_NAME = "$(TARGET_NAME)";
				TEST_HOST = "$(BUILT_PRODUCTS_DIR)/GitStudy.app/GitStudy";
			};
			name = Release;
		};
		92D514541CF7B7500032402E /* Debug */ = {
			isa = XCBuildConfiguration;
			buildSettings = {
				INFOPLIST_FILE = GitStudyUITests/Info.plist;
				LD_RUNPATH_SEARCH_PATHS = "$(inherited) @executable_path/Frameworks @loader_path/Frameworks";
				PRODUCT_BUNDLE_IDENTIFIER = com.LePhan.GitStudyUITests;
				PRODUCT_NAME = "$(TARGET_NAME)";
				TEST_TARGET_NAME = GitStudy;
				USES_XCTRUNNER = YES;
			};
			name = Debug;
		};
		92D514551CF7B7500032402E /* Release */ = {
			isa = XCBuildConfiguration;
			buildSettings = {
				INFOPLIST_FILE = GitStudyUITests/Info.plist;
				LD_RUNPATH_SEARCH_PATHS = "$(inherited) @executable_path/Frameworks @loader_path/Frameworks";
				PRODUCT_BUNDLE_IDENTIFIER = com.LePhan.GitStudyUITests;
				PRODUCT_NAME = "$(TARGET_NAME)";
				TEST_TARGET_NAME = GitStudy;
				USES_XCTRUNNER = YES;
			};
			name = Release;
		};
/* End XCBuildConfiguration section */

/* Begin XCConfigurationList section */
		92D514181CF7B7500032402E /* Build configuration list for PBXProject "GitStudy" */ = {
			isa = XCConfigurationList;
			buildConfigurations = (
				92D5144B1CF7B7500032402E /* Debug */,
				92D5144C1CF7B7500032402E /* Release */,
			);
			defaultConfigurationIsVisible = 0;
			defaultConfigurationName = Release;
		};
		92D5144D1CF7B7500032402E /* Build configuration list for PBXNativeTarget "GitStudy" */ = {
			isa = XCConfigurationList;
			buildConfigurations = (
				92D5144E1CF7B7500032402E /* Debug */,
				92D5144F1CF7B7500032402E /* Release */,
			);
			defaultConfigurationIsVisible = 0;
		};
		92D514501CF7B7500032402E /* Build configuration list for PBXNativeTarget "GitStudyTests" */ = {
			isa = XCConfigurationList;
			buildConfigurations = (
				92D514511CF7B7500032402E /* Debug */,
				92D514521CF7B7500032402E /* Release */,
			);
			defaultConfigurationIsVisible = 0;
		};
		92D514531CF7B7500032402E /* Build configuration list for PBXNativeTarget "GitStudyUITests" */ = {
			isa = XCConfigurationList;
			buildConfigurations = (
				92D514541CF7B7500032402E /* Debug */,
				92D514551CF7B7500032402E /* Release */,
			);
			defaultConfigurationIsVisible = 0;
		};
/* End XCConfigurationList section */

/* Begin XCVersionGroup section */
		92D5142C1CF7B7500032402E /* GitStudy.xcdatamodeld */ = {
			isa = XCVersionGroup;
			children = (
				92D5142D1CF7B7500032402E /* GitStudy.xcdatamodel */,
			);
			currentVersion = 92D5142D1CF7B7500032402E /* GitStudy.xcdatamodel */;
			path = GitStudy.xcdatamodeld;
			sourceTree = "<group>";
			versionGroupType = wrapper.xcdatamodel;
		};
/* End XCVersionGroup section */
	};
	rootObject = 92D514151CF7B7500032402E /* Project object */;
}
